
Microsoft Visual Studio Solution File, Format Version 12.00
# Visual Studio Version 17
VisualStudioVersion = 17.4.33205.214
MinimumVisualStudioVersion = 10.0.40219.1
Project("{9A19103F-16F7-4668-BE54-9A1E7A4F7556}") = "TimesheetManagementAPIServices", "TimesheetManagementAPIServices\TimesheetManagementAPIServices.csproj", "{7D29C42C-86BB-44E9-BC32-92DCB83EA010}"
EndProject
Project("{9A19103F-16F7-4668-BE54-9A1E7A4F7556}") = "TimesheetManagementDAL", "TimesheetManagementDAL\TimesheetManagementDAL.csproj", "{7DD44BBD-53C7-4F8F-B2B0-2EBB0811E056}"
EndProject
Project("{FAE04EC0-301F-11D3-BF4B-00C04F79EFBC}") = "TimesheetManagementSystemUI", "TimesheetManagementSystemUI\TimesheetManagementSystemUI.csproj", "{DD27BCAA-5AE6-41A9-9608-626D56061A2A}"
EndProject
Global
	GlobalSection(SolutionConfigurationPlatforms) = preSolution
		Debug|Any CPU = Debug|Any CPU
		Release|Any CPU = Release|Any CPU
	EndGlobalSection
	GlobalSection(ProjectConfigurationPlatforms) = postSolution
		{7D29C42C-86BB-44E9-BC32-92DCB83EA010}.Debug|Any CPU.ActiveCfg = Debug|Any CPU
		{7D29C42C-86BB-44E9-BC32-92DCB83EA010}.Debug|Any CPU.Build.0 = Debug|Any CPU
		{7D29C42C-86BB-44E9-BC32-92DCB83EA010}.Release|Any CPU.ActiveCfg = Release|Any CPU
		{7D29C42C-86BB-44E9-BC32-92DCB83EA010}.Release|Any CPU.Build.0 = Release|Any CPU
		{7DD44BBD-53C7-4F8F-B2B0-2EBB0811E056}.Debug|Any CPU.ActiveCfg = Debug|Any CPU
		{7DD44BBD-53C7-4F8F-B2B0-2EBB0811E056}.Debug|Any CPU.Build.0 = Debug|Any CPU
		{7DD44BBD-53C7-4F8F-B2B0-2EBB0811E056}.Release|Any CPU.ActiveCfg = Release|Any CPU
		{7DD44BBD-53C7-4F8F-B2B0-2EBB0811E056}.Release|Any CPU.Build.0 = Release|Any CPU
		{DD27BCAA-5AE6-41A9-9608-626D56061A2A}.Debug|Any CPU.ActiveCfg = Debug|Any CPU
		{DD27BCAA-5AE6-41A9-9608-626D56061A2A}.Debug|Any CPU.Build.0 = Debug|Any CPU
		{DD27BCAA-5AE6-41A9-9608-626D56061A2A}.Release|Any CPU.ActiveCfg = Release|Any CPU
		{DD27BCAA-5AE6-41A9-9608-626D56061A2A}.Release|Any CPU.Build.0 = Release|Any CPU
	EndGlobalSection
	GlobalSection(SolutionProperties) = preSolution
		HideSolutionNode = FALSE
	EndGlobalSection
	GlobalSection(ExtensibilityGlobals) = postSolution
		SolutionGuid = {FEBF970A-33B1-4CCB-99C3-747E2B5A217F}
	EndGlobalSection
EndGlobal
